
Microsoft Visual Studio Solution File, Format Version 12.00
# Visual Studio Version 17
VisualStudioVersion = 17.2.32630.192
MinimumVisualStudioVersion = 10.0.40219.1
Project("{FAE04EC0-301F-11D3-BF4B-00C04F79EFBC}") = "BirthdayReminder.Web", "BirthdayReminder.Web\BirthdayReminder.Web.csproj", "{0CB3C2AB-6556-44BF-8FD7-1A0E74F8C175}"
EndProject
Global
	GlobalSection(SolutionConfigurationPlatforms) = preSolution
		Debug|Any CPU = Debug|Any CPU
		Release|Any CPU = Release|Any CPU
	EndGlobalSection
	GlobalSection(ProjectConfigurationPlatforms) = postSolution
		{0CB3C2AB-6556-44BF-8FD7-1A0E74F8C175}.Debug|Any CPU.ActiveCfg = Debug|Any CPU
		{0CB3C2AB-6556-44BF-8FD7-1A0E74F8C175}.Debug|Any CPU.Build.0 = Debug|Any CPU
		{0CB3C2AB-6556-44BF-8FD7-1A0E74F8C175}.Release|Any CPU.ActiveCfg = Release|Any CPU
		{0CB3C2AB-6556-44BF-8FD7-1A0E74F8C175}.Release|Any CPU.Build.0 = Release|Any CPU
	EndGlobalSection
	GlobalSection(SolutionProperties) = preSolution
		HideSolutionNode = FALSE
	EndGlobalSection
	GlobalSection(ExtensibilityGlobals) = postSolution
		SolutionGuid = {AFF702F0-D15C-4EB1-A5E1-EEED57350E64}
	EndGlobalSection
EndGlobal
